
Microsoft Visual Studio Solution File, Format Version 12.00
# Visual Studio Version 17
VisualStudioVersion = 17.3.32929.385
MinimumVisualStudioVersion = 10.0.40219.1
Project("{FAE04EC0-301F-11D3-BF4B-00C04F79EFBC}") = "Task1", "Task1\Task1.csproj", "{E2AB0BF4-4830-42BB-BC68-5931D81CD54A}"
EndProject
Global
	GlobalSection(SolutionConfigurationPlatforms) = preSolution
		Debug|Any CPU = Debug|Any CPU
		Release|Any CPU = Release|Any CPU
	EndGlobalSection
	GlobalSection(ProjectConfigurationPlatforms) = postSolution
		{E2AB0BF4-4830-42BB-BC68-5931D81CD54A}.Debug|Any CPU.ActiveCfg = Debug|Any CPU
		{E2AB0BF4-4830-42BB-BC68-5931D81CD54A}.Debug|Any CPU.Build.0 = Debug|Any CPU
		{E2AB0BF4-4830-42BB-BC68-5931D81CD54A}.Release|Any CPU.ActiveCfg = Release|Any CPU
		{E2AB0BF4-4830-42BB-BC68-5931D81CD54A}.Release|Any CPU.Build.0 = Release|Any CPU
	EndGlobalSection
	GlobalSection(SolutionProperties) = preSolution
		HideSolutionNode = FALSE
	EndGlobalSection
	GlobalSection(ExtensibilityGlobals) = postSolution
		SolutionGuid = {D7816183-A181-49F7-B494-02F3D8B9A745}
	EndGlobalSection
EndGlobal
